{
  "name": "ps8",
  "lockfileVersion": 3,
  "requires": true,
  "packages": {
    "": {
      "name": "ps8",
      "workspaces": [
        "services/files",
        "services/gateway"
      ],
      "devDependencies": {
        "prettier": "3.4.2"
      }
    },
    "node_modules/fileserver": {
      "resolved": "services/files",
      "link": true
    },
    "node_modules/prettier": {
      "version": "3.4.2",
      "resolved": "https://registry.npmjs.org/prettier/-/prettier-3.4.2.tgz",
      "integrity": "sha512-e9MewbtFo+Fevyuxn/4rrcDAaq0IYxPGLvObpQjiZBMAzB9IGmzlnG9RZy3FFas+eBMu2vA0CszMeduow5dIuQ==",
      "dev": true,
      "license": "MIT",
      "bin": {
        "prettier": "bin/prettier.cjs"
      },
      "engines": {
        "node": ">=14"
      },
      "funding": {
        "url": "https://github.com/prettier/prettier?sponsor=1"
      }
    },
    "node_modules/ps8": {
      "resolved": "services/gateway",
      "link": true
    },
    "services/files": {
      "name": "fileserver",
      "version": "1.0.0",
      "license": "ISC"
    },
    "services/gateway": {
      "name": "ps8",
      "version": "1.0.0",
      "license": "ISC",
      "dependencies": {
        "http-proxy": "^1.18.1",
        "jsonwebtoken": "^9.0.2",
        "socket.io": "^4.7.4"
      }
    },
    "services/gateway/node_modules/@socket.io/component-emitter": {
      "version": "3.1.0",
      "license": "MIT"
    },
    "services/gateway/node_modules/@types/cookie": {
      "version": "0.4.1",
      "license": "MIT"
    },
    "services/gateway/node_modules/@types/cors": {
      "version": "2.8.17",
      "license": "MIT",
      "dependencies": {
        "@types/node": "*"
      }
    },
    "services/gateway/node_modules/@types/node": {
      "version": "20.11.5",
      "license": "MIT",
      "dependencies": {
        "undici-types": "~5.26.4"
      }
    },
    "services/gateway/node_modules/accepts": {
      "version": "1.3.8",
      "license": "MIT",
      "dependencies": {
        "mime-types": "~2.1.34",
        "negotiator": "0.6.3"
      },
      "engines": {
        "node": ">= 0.6"
      }
    },
    "services/gateway/node_modules/base64id": {
      "version": "2.0.0",
      "license": "MIT",
      "engines": {
        "node": "^4.5.0 || >= 5.9"
      }
    },
    "services/gateway/node_modules/buffer-equal-constant-time": {
      "version": "1.0.1",
      "license": "BSD-3-Clause"
    },
    "services/gateway/node_modules/cookie": {
      "version": "0.4.2",
      "license": "MIT",
      "engines": {
        "node": ">= 0.6"
      }
    },
    "services/gateway/node_modules/cors": {
      "version": "2.8.5",
      "license": "MIT",
      "dependencies": {
        "object-assign": "^4",
        "vary": "^1"
      },
      "engines": {
        "node": ">= 0.10"
      }
    },
    "services/gateway/node_modules/debug": {
      "version": "4.3.4",
      "license": "MIT",
      "dependencies": {
        "ms": "2.1.2"
      },
      "engines": {
        "node": ">=6.0"
      },
      "peerDependenciesMeta": {
        "supports-color": {
          "optional": true
        }
      }
    },
    "services/gateway/node_modules/ecdsa-sig-formatter": {
      "version": "1.0.11",
      "license": "Apache-2.0",
      "dependencies": {
        "safe-buffer": "^5.0.1"
      }
    },
    "services/gateway/node_modules/engine.io": {
      "version": "6.5.4",
      "license": "MIT",
      "dependencies": {
        "@types/cookie": "^0.4.1",
        "@types/cors": "^2.8.12",
        "@types/node": ">=10.0.0",
        "accepts": "~1.3.4",
        "base64id": "2.0.0",
        "cookie": "~0.4.1",
        "cors": "~2.8.5",
        "debug": "~4.3.1",
        "engine.io-parser": "~5.2.1",
        "ws": "~8.11.0"
      },
      "engines": {
        "node": ">=10.2.0"
      }
    },
    "services/gateway/node_modules/engine.io-parser": {
      "version": "5.2.1",
      "license": "MIT",
      "engines": {
        "node": ">=10.0.0"
      }
    },
    "services/gateway/node_modules/eventemitter3": {
      "version": "4.0.7",
      "license": "MIT"
    },
    "services/gateway/node_modules/follow-redirects": {
      "version": "1.15.9",
      "funding": [
        {
          "type": "individual",
          "url": "https://github.com/sponsors/RubenVerborgh"
        }
      ],
      "license": "MIT",
      "engines": {
        "node": ">=4.0"
      },
      "peerDependenciesMeta": {
        "debug": {
          "optional": true
        }
      }
    },
    "services/gateway/node_modules/http-proxy": {
      "version": "1.18.1",
      "license": "MIT",
      "dependencies": {
        "eventemitter3": "^4.0.0",
        "follow-redirects": "^1.0.0",
        "requires-port": "^1.0.0"
      },
      "engines": {
        "node": ">=8.0.0"
      }
    },
    "services/gateway/node_modules/jsonwebtoken": {
      "version": "9.0.2",
      "license": "MIT",
      "dependencies": {
        "jws": "^3.2.2",
        "lodash.includes": "^4.3.0",
        "lodash.isboolean": "^3.0.3",
        "lodash.isinteger": "^4.0.4",
        "lodash.isnumber": "^3.0.3",
        "lodash.isplainobject": "^4.0.6",
        "lodash.isstring": "^4.0.1",
        "lodash.once": "^4.0.0",
        "ms": "^2.1.1",
        "semver": "^7.5.4"
      },
      "engines": {
        "node": ">=12",
        "npm": ">=6"
      }
    },
    "services/gateway/node_modules/jwa": {
      "version": "1.4.1",
      "license": "MIT",
      "dependencies": {
        "buffer-equal-constant-time": "1.0.1",
        "ecdsa-sig-formatter": "1.0.11",
        "safe-buffer": "^5.0.1"
      }
    },
    "services/gateway/node_modules/jws": {
      "version": "3.2.2",
      "license": "MIT",
      "dependencies": {
        "jwa": "^1.4.1",
        "safe-buffer": "^5.0.1"
      }
    },
    "services/gateway/node_modules/lodash.includes": {
      "version": "4.3.0",
      "license": "MIT"
    },
    "services/gateway/node_modules/lodash.isboolean": {
      "version": "3.0.3",
      "license": "MIT"
    },
    "services/gateway/node_modules/lodash.isinteger": {
      "version": "4.0.4",
      "license": "MIT"
    },
    "services/gateway/node_modules/lodash.isnumber": {
      "version": "3.0.3",
      "license": "MIT"
    },
    "services/gateway/node_modules/lodash.isplainobject": {
      "version": "4.0.6",
      "license": "MIT"
    },
    "services/gateway/node_modules/lodash.isstring": {
      "version": "4.0.1",
      "license": "MIT"
    },
    "services/gateway/node_modules/lodash.once": {
      "version": "4.1.1",
      "license": "MIT"
    },
    "services/gateway/node_modules/lru-cache": {
      "version": "6.0.0",
      "license": "ISC",
      "dependencies": {
        "yallist": "^4.0.0"
      },
      "engines": {
        "node": ">=10"
      }
    },
    "services/gateway/node_modules/mime-db": {
      "version": "1.52.0",
      "license": "MIT",
      "engines": {
        "node": ">= 0.6"
      }
    },
    "services/gateway/node_modules/mime-types": {
      "version": "2.1.35",
      "license": "MIT",
      "dependencies": {
        "mime-db": "1.52.0"
      },
      "engines": {
        "node": ">= 0.6"
      }
    },
    "services/gateway/node_modules/ms": {
      "version": "2.1.2",
      "license": "MIT"
    },
    "services/gateway/node_modules/negotiator": {
      "version": "0.6.3",
      "license": "MIT",
      "engines": {
        "node": ">= 0.6"
      }
    },
    "services/gateway/node_modules/object-assign": {
      "version": "4.1.1",
      "license": "MIT",
      "engines": {
        "node": ">=0.10.0"
      }
    },
    "services/gateway/node_modules/requires-port": {
      "version": "1.0.0",
      "license": "MIT"
    },
    "services/gateway/node_modules/safe-buffer": {
      "version": "5.2.1",
      "funding": [
        {
          "type": "github",
          "url": "https://github.com/sponsors/feross"
        },
        {
          "type": "patreon",
          "url": "https://www.patreon.com/feross"
        },
        {
          "type": "consulting",
          "url": "https://feross.org/support"
        }
      ],
      "license": "MIT"
    },
    "services/gateway/node_modules/semver": {
      "version": "7.5.4",
      "license": "ISC",
      "dependencies": {
        "lru-cache": "^6.0.0"
      },
      "bin": {
        "semver": "bin/semver.js"
      },
      "engines": {
        "node": ">=10"
      }
    },
    "services/gateway/node_modules/socket.io": {
      "version": "4.7.4",
      "license": "MIT",
      "dependencies": {
        "accepts": "~1.3.4",
        "base64id": "~2.0.0",
        "cors": "~2.8.5",
        "debug": "~4.3.2",
        "engine.io": "~6.5.2",
        "socket.io-adapter": "~2.5.2",
        "socket.io-parser": "~4.2.4"
      },
      "engines": {
        "node": ">=10.2.0"
      }
    },
    "services/gateway/node_modules/socket.io-adapter": {
      "version": "2.5.2",
      "license": "MIT",
      "dependencies": {
        "ws": "~8.11.0"
      }
    },
    "services/gateway/node_modules/socket.io-parser": {
      "version": "4.2.4",
      "license": "MIT",
      "dependencies": {
        "@socket.io/component-emitter": "~3.1.0",
        "debug": "~4.3.1"
      },
      "engines": {
        "node": ">=10.0.0"
      }
    },
    "services/gateway/node_modules/undici-types": {
      "version": "5.26.5",
      "license": "MIT"
    },
    "services/gateway/node_modules/vary": {
      "version": "1.1.2",
      "license": "MIT",
      "engines": {
        "node": ">= 0.8"
      }
    },
    "services/gateway/node_modules/ws": {
      "version": "8.11.0",
      "license": "MIT",
      "engines": {
        "node": ">=10.0.0"
      },
      "peerDependencies": {
        "bufferutil": "^4.0.1",
        "utf-8-validate": "^5.0.2"
      },
      "peerDependenciesMeta": {
        "bufferutil": {
          "optional": true
        },
        "utf-8-validate": {
          "optional": true
        }
      }
    },
    "services/gateway/node_modules/yallist": {
      "version": "4.0.0",
      "license": "ISC"
    }
  }
}
